
Microsoft Visual Studio Solution File, Format Version 12.00
# Visual Studio Version 17
VisualStudioVersion = 17.7.34221.43
MinimumVisualStudioVersion = 10.0.40219.1
Project("{2150E333-8FDC-42A3-9474-1A3956D46DE8}") = "Src", "Src", "{3B9C8B10-2187-4237-B59B-2038B4C59A94}"
EndProject
Project("{2150E333-8FDC-42A3-9474-1A3956D46DE8}") = "Tests", "Tests", "{C3475400-D642-44AE-AAAB-6BA429CF7073}"
EndProject
Project("{2150E333-8FDC-42A3-9474-1A3956D46DE8}") = "Client", "Client", "{9033A1A0-9FD3-4F14-8A09-2D7091271B10}"
EndProject
Project("{2150E333-8FDC-42A3-9474-1A3956D46DE8}") = "Core", "Core", "{DC743DE5-70C9-4D95-869C-3D1EB12975AC}"
EndProject
Project("{2150E333-8FDC-42A3-9474-1A3956D46DE8}") = "Persistence", "Persistence", "{A53F9A1F-1F6F-4782-A559-124DC41D4325}"
EndProject
Project("{2150E333-8FDC-42A3-9474-1A3956D46DE8}") = "EndPoint", "EndPoint", "{111C07D3-DB77-41D4-A685-291DFEC2B242}"
EndProject
Project("{FAE04EC0-301F-11D3-BF4B-00C04F79EFBC}") = "ClientSdk", "Src\Client\ClientSdk\ClientSdk.csproj", "{5A81B30E-C94C-4900-88EC-5811D03ADDDA}"
EndProject
Project("{FAE04EC0-301F-11D3-BF4B-00C04F79EFBC}") = "Application", "Src\Core\Application\Application.csproj", "{8710D6CE-A2AA-4622-9AF5-E71111D79DBD}"
EndProject
Project("{FAE04EC0-301F-11D3-BF4B-00C04F79EFBC}") = "Domain", "Src\Core\Domain\Domain.csproj", "{6ED74045-0B74-44D1-8A2B-56ABF312EE52}"
EndProject
Project("{FAE04EC0-301F-11D3-BF4B-00C04F79EFBC}") = "Repository", "Src\Core\Repository\Repository.csproj", "{010CCC2D-CCB5-490D-91C9-E335A94FB935}"
EndProject
Project("{FAE04EC0-301F-11D3-BF4B-00C04F79EFBC}") = "Api", "Src\EndPoint\Api\Api.csproj", "{42F24676-6C4F-4092-AE1A-16EEAA426F7A}"
EndProject
Project("{FAE04EC0-301F-11D3-BF4B-00C04F79EFBC}") = "Persistence", "Src\Persistence\Persistence\Persistence.csproj", "{B15049DD-4A8A-4B76-B73B-6DDBFDA581C2}"
EndProject
Project("{FAE04EC0-301F-11D3-BF4B-00C04F79EFBC}") = "IntegerationTest", "Tests\IntegerationTest\IntegerationTest.csproj", "{03D68D8F-7FC8-4CFC-BA50-F387872E1EC1}"
EndProject
Project("{FAE04EC0-301F-11D3-BF4B-00C04F79EFBC}") = "UnitsTest", "Tests\UnitsTest\UnitsTest.csproj", "{4D7C921A-669A-4883-8063-22D6F913643E}"
EndProject
Global
	GlobalSection(SolutionConfigurationPlatforms) = preSolution
		Debug|Any CPU = Debug|Any CPU
		Release|Any CPU = Release|Any CPU
	EndGlobalSection
	GlobalSection(ProjectConfigurationPlatforms) = postSolution
		{5A81B30E-C94C-4900-88EC-5811D03ADDDA}.Debug|Any CPU.ActiveCfg = Debug|Any CPU
		{5A81B30E-C94C-4900-88EC-5811D03ADDDA}.Debug|Any CPU.Build.0 = Debug|Any CPU
		{5A81B30E-C94C-4900-88EC-5811D03ADDDA}.Release|Any CPU.ActiveCfg = Release|Any CPU
		{5A81B30E-C94C-4900-88EC-5811D03ADDDA}.Release|Any CPU.Build.0 = Release|Any CPU
		{8710D6CE-A2AA-4622-9AF5-E71111D79DBD}.Debug|Any CPU.ActiveCfg = Debug|Any CPU
		{8710D6CE-A2AA-4622-9AF5-E71111D79DBD}.Debug|Any CPU.Build.0 = Debug|Any CPU
		{8710D6CE-A2AA-4622-9AF5-E71111D79DBD}.Release|Any CPU.ActiveCfg = Release|Any CPU
		{8710D6CE-A2AA-4622-9AF5-E71111D79DBD}.Release|Any CPU.Build.0 = Release|Any CPU
		{6ED74045-0B74-44D1-8A2B-56ABF312EE52}.Debug|Any CPU.ActiveCfg = Debug|Any CPU
		{6ED74045-0B74-44D1-8A2B-56ABF312EE52}.Debug|Any CPU.Build.0 = Debug|Any CPU
		{6ED74045-0B74-44D1-8A2B-56ABF312EE52}.Release|Any CPU.ActiveCfg = Release|Any CPU
		{6ED74045-0B74-44D1-8A2B-56ABF312EE52}.Release|Any CPU.Build.0 = Release|Any CPU
		{010CCC2D-CCB5-490D-91C9-E335A94FB935}.Debug|Any CPU.ActiveCfg = Debug|Any CPU
		{010CCC2D-CCB5-490D-91C9-E335A94FB935}.Debug|Any CPU.Build.0 = Debug|Any CPU
		{010CCC2D-CCB5-490D-91C9-E335A94FB935}.Release|Any CPU.ActiveCfg = Release|Any CPU
		{010CCC2D-CCB5-490D-91C9-E335A94FB935}.Release|Any CPU.Build.0 = Release|Any CPU
		{42F24676-6C4F-4092-AE1A-16EEAA426F7A}.Debug|Any CPU.ActiveCfg = Debug|Any CPU
		{42F24676-6C4F-4092-AE1A-16EEAA426F7A}.Debug|Any CPU.Build.0 = Debug|Any CPU
		{42F24676-6C4F-4092-AE1A-16EEAA426F7A}.Release|Any CPU.ActiveCfg = Release|Any CPU
		{42F24676-6C4F-4092-AE1A-16EEAA426F7A}.Release|Any CPU.Build.0 = Release|Any CPU
		{B15049DD-4A8A-4B76-B73B-6DDBFDA581C2}.Debug|Any CPU.ActiveCfg = Debug|Any CPU
		{B15049DD-4A8A-4B76-B73B-6DDBFDA581C2}.Debug|Any CPU.Build.0 = Debug|Any CPU
		{B15049DD-4A8A-4B76-B73B-6DDBFDA581C2}.Release|Any CPU.ActiveCfg = Release|Any CPU
		{B15049DD-4A8A-4B76-B73B-6DDBFDA581C2}.Release|Any CPU.Build.0 = Release|Any CPU
		{03D68D8F-7FC8-4CFC-BA50-F387872E1EC1}.Debug|Any CPU.ActiveCfg = Debug|Any CPU
		{03D68D8F-7FC8-4CFC-BA50-F387872E1EC1}.Debug|Any CPU.Build.0 = Debug|Any CPU
		{03D68D8F-7FC8-4CFC-BA50-F387872E1EC1}.Release|Any CPU.ActiveCfg = Release|Any CPU
		{03D68D8F-7FC8-4CFC-BA50-F387872E1EC1}.Release|Any CPU.Build.0 = Release|Any CPU
		{4D7C921A-669A-4883-8063-22D6F913643E}.Debug|Any CPU.ActiveCfg = Debug|Any CPU
		{4D7C921A-669A-4883-8063-22D6F913643E}.Debug|Any CPU.Build.0 = Debug|Any CPU
		{4D7C921A-669A-4883-8063-22D6F913643E}.Release|Any CPU.ActiveCfg = Release|Any CPU
		{4D7C921A-669A-4883-8063-22D6F913643E}.Release|Any CPU.Build.0 = Release|Any CPU
	EndGlobalSection
	GlobalSection(SolutionProperties) = preSolution
		HideSolutionNode = FALSE
	EndGlobalSection
	GlobalSection(NestedProjects) = preSolution
		{9033A1A0-9FD3-4F14-8A09-2D7091271B10} = {3B9C8B10-2187-4237-B59B-2038B4C59A94}
		{DC743DE5-70C9-4D95-869C-3D1EB12975AC} = {3B9C8B10-2187-4237-B59B-2038B4C59A94}
		{A53F9A1F-1F6F-4782-A559-124DC41D4325} = {3B9C8B10-2187-4237-B59B-2038B4C59A94}
		{111C07D3-DB77-41D4-A685-291DFEC2B242} = {3B9C8B10-2187-4237-B59B-2038B4C59A94}
		{5A81B30E-C94C-4900-88EC-5811D03ADDDA} = {9033A1A0-9FD3-4F14-8A09-2D7091271B10}
		{8710D6CE-A2AA-4622-9AF5-E71111D79DBD} = {DC743DE5-70C9-4D95-869C-3D1EB12975AC}
		{6ED74045-0B74-44D1-8A2B-56ABF312EE52} = {DC743DE5-70C9-4D95-869C-3D1EB12975AC}
		{010CCC2D-CCB5-490D-91C9-E335A94FB935} = {DC743DE5-70C9-4D95-869C-3D1EB12975AC}
		{42F24676-6C4F-4092-AE1A-16EEAA426F7A} = {111C07D3-DB77-41D4-A685-291DFEC2B242}
		{B15049DD-4A8A-4B76-B73B-6DDBFDA581C2} = {A53F9A1F-1F6F-4782-A559-124DC41D4325}
		{03D68D8F-7FC8-4CFC-BA50-F387872E1EC1} = {C3475400-D642-44AE-AAAB-6BA429CF7073}
		{4D7C921A-669A-4883-8063-22D6F913643E} = {C3475400-D642-44AE-AAAB-6BA429CF7073}
	EndGlobalSection
	GlobalSection(ExtensibilityGlobals) = postSolution
		SolutionGuid = {4A5E5481-F3FE-42B5-8593-2E187FF927E9}
	EndGlobalSection
EndGlobal
